
Microsoft Visual Studio Solution File, Format Version 12.00
# Visual Studio Version 17
VisualStudioVersion = 17.2.32526.322
MinimumVisualStudioVersion = 10.0.40219.1
Project("{FAE04EC0-301F-11D3-BF4B-00C04F79EFBC}") = "AP-TextParser-Klapf", "AP-TextParser-Klapf.csproj", "{F520B7E3-19D1-44CE-AE8E-781029D36F16}"
EndProject
Project("{FAE04EC0-301F-11D3-BF4B-00C04F79EFBC}") = "AP-TextParser-Klapf-Tests", "..\AP-TextParser-Klapf-Tests\AP-TextParser-Klapf-Tests.csproj", "{15DD35C4-328B-4455-81B7-2BECE14389C3}"
EndProject
Global
	GlobalSection(SolutionConfigurationPlatforms) = preSolution
		Debug|Any CPU = Debug|Any CPU
		Release|Any CPU = Release|Any CPU
	EndGlobalSection
	GlobalSection(ProjectConfigurationPlatforms) = postSolution
		{F520B7E3-19D1-44CE-AE8E-781029D36F16}.Debug|Any CPU.ActiveCfg = Debug|Any CPU
		{F520B7E3-19D1-44CE-AE8E-781029D36F16}.Debug|Any CPU.Build.0 = Debug|Any CPU
		{F520B7E3-19D1-44CE-AE8E-781029D36F16}.Release|Any CPU.ActiveCfg = Release|Any CPU
		{F520B7E3-19D1-44CE-AE8E-781029D36F16}.Release|Any CPU.Build.0 = Release|Any CPU
		{15DD35C4-328B-4455-81B7-2BECE14389C3}.Debug|Any CPU.ActiveCfg = Debug|Any CPU
		{15DD35C4-328B-4455-81B7-2BECE14389C3}.Debug|Any CPU.Build.0 = Debug|Any CPU
		{15DD35C4-328B-4455-81B7-2BECE14389C3}.Release|Any CPU.ActiveCfg = Release|Any CPU
		{15DD35C4-328B-4455-81B7-2BECE14389C3}.Release|Any CPU.Build.0 = Release|Any CPU
	EndGlobalSection
	GlobalSection(SolutionProperties) = preSolution
		HideSolutionNode = FALSE
	EndGlobalSection
	GlobalSection(ExtensibilityGlobals) = postSolution
		SolutionGuid = {E4789183-188A-45A0-ABEB-58A54EF67061}
	EndGlobalSection
EndGlobal
